
Microsoft Visual Studio Solution File, Format Version 12.00
# Visual Studio 15
VisualStudioVersion = 15.0.28307.902
MinimumVisualStudioVersion = 10.0.40219.1
Project("{FAE04EC0-301F-11D3-BF4B-00C04F79EFBC}") = "Gallery", "Gallery\Gallery.csproj", "{8A554B50-7B0C-475B-ABF2-7FE164FEC433}"
EndProject
Global
	GlobalSection(SolutionConfigurationPlatforms) = preSolution
		Debug|Any CPU = Debug|Any CPU
		Release|Any CPU = Release|Any CPU
	EndGlobalSection
	GlobalSection(ProjectConfigurationPlatforms) = postSolution
		{8A554B50-7B0C-475B-ABF2-7FE164FEC433}.Debug|Any CPU.ActiveCfg = Debug|Any CPU
		{8A554B50-7B0C-475B-ABF2-7FE164FEC433}.Debug|Any CPU.Build.0 = Debug|Any CPU
		{8A554B50-7B0C-475B-ABF2-7FE164FEC433}.Release|Any CPU.ActiveCfg = Release|Any CPU
		{8A554B50-7B0C-475B-ABF2-7FE164FEC433}.Release|Any CPU.Build.0 = Release|Any CPU
	EndGlobalSection
	GlobalSection(SolutionProperties) = preSolution
		HideSolutionNode = FALSE
	EndGlobalSection
	GlobalSection(ExtensibilityGlobals) = postSolution
		SolutionGuid = {C8E3787A-F7D1-4995-9472-08BCCF8C1D47}
	EndGlobalSection
EndGlobal
